dependencies:
  espressif/esp-modbus:
    component_hash: a3db3edf2820121f55a91106bd480af26ba18338c764d242d283fc07b2f94832
    dependencies:
    - name: idf
      require: private
      version: '>=5.0'
    source:
      registry_url: https://components.espressif.com/
      type: service
    version: 2.1.0
  idf:
    source:
      type: idf
    version: 5.3.5
direct_dependencies:
- espressif/esp-modbus
- idf
manifest_hash: 8443f85f1e26544f835310a11e4bb365aa2d5fcda5dbc6ef8814481ea3573fb9
target: esp32
version: 2.0.0
